
Microsoft Visual Studio Solution File, Format Version 12.00
Project("{8BC9CEB8-8B4A-11D0-8D11-00A0C91BC942}") = "RM_Test", "RM_Test.vcxproj", "{BB08DD05-EE63-4602-B647-AF9E0D0A6749}"
EndProject
Global
	GlobalSection(SolutionConfigurationPlatforms) = preSolution
		Debug|Win32 = Debug|Win32
		Debug|x64 = Debug|x64
		Release|Win32 = Release|Win32
		Release|x64 = Release|x64
	EndGlobalSection
	GlobalSection(ProjectConfigurationPlatforms) = postSolution
		{BB08DD05-EE63-4602-B647-AF9E0D0A6749}.Debug|Win32.ActiveCfg = Debug|Win32
		{BB08DD05-EE63-4602-B647-AF9E0D0A6749}.Debug|Win32.Build.0 = Debug|Win32
		{BB08DD05-EE63-4602-B647-AF9E0D0A6749}.Debug|x64.ActiveCfg = Debug|x64
		{BB08DD05-EE63-4602-B647-AF9E0D0A6749}.Debug|x64.Build.0 = Debug|x64
		{BB08DD05-EE63-4602-B647-AF9E0D0A6749}.Release|Win32.ActiveCfg = Release|Win32
		{BB08DD05-EE63-4602-B647-AF9E0D0A6749}.Release|Win32.Build.0 = Release|Win32
		{BB08DD05-EE63-4602-B647-AF9E0D0A6749}.Release|x64.ActiveCfg = Release|x64
		{BB08DD05-EE63-4602-B647-AF9E0D0A6749}.Release|x64.Build.0 = Release|x64
	EndGlobalSection
EndGlobal
